
Microsoft Visual Studio Solution File, Format Version 12.00
# Visual Studio 15
VisualStudioVersion = 15.0.28307.106
MinimumVisualStudioVersion = 10.0.40219.1
Project("{8BC9CEB8-8B4A-11D0-8D11-00A0C91BC942}") = "XML_To_ECM", "XML_To_ECM\XML_To_ECM.vcxproj", "{38CB4EDB-3D38-418E-9A9D-8E5DD21E6110}"
EndProject
Global
	GlobalSection(SolutionConfigurationPlatforms) = preSolution
		Debug|x64 = Debug|x64
		Debug|x86 = Debug|x86
		Release|x64 = Release|x64
		Release|x86 = Release|x86
	EndGlobalSection
	GlobalSection(ProjectConfigurationPlatforms) = postSolution
		{38CB4EDB-3D38-418E-9A9D-8E5DD21E6110}.Debug|x64.ActiveCfg = Debug|x64
		{38CB4EDB-3D38-418E-9A9D-8E5DD21E6110}.Debug|x64.Build.0 = Debug|x64
		{38CB4EDB-3D38-418E-9A9D-8E5DD21E6110}.Debug|x86.ActiveCfg = Debug|Win32
		{38CB4EDB-3D38-418E-9A9D-8E5DD21E6110}.Debug|x86.Build.0 = Debug|Win32
		{38CB4EDB-3D38-418E-9A9D-8E5DD21E6110}.Release|x64.ActiveCfg = Release|x64
		{38CB4EDB-3D38-418E-9A9D-8E5DD21E6110}.Release|x64.Build.0 = Release|x64
		{38CB4EDB-3D38-418E-9A9D-8E5DD21E6110}.Release|x86.ActiveCfg = Release|Win32
		{38CB4EDB-3D38-418E-9A9D-8E5DD21E6110}.Release|x86.Build.0 = Release|Win32
	EndGlobalSection
	GlobalSection(SolutionProperties) = preSolution
		HideSolutionNode = FALSE
	EndGlobalSection
	GlobalSection(ExtensibilityGlobals) = postSolution
		SolutionGuid = {E29303CB-BE72-4C2B-A2D4-8015123CD77F}
	EndGlobalSection
EndGlobal
